// !$*UTF8*$!
{
	archiveVersion = 1;
	classes = {
	};
	objectVersion = 46;
	objects = {

/* Begin PBXBuildFile section */
		2E5CF9051D0AC52D00762F3F /* AppDelegate.swift in Sources */ = {isa = PBXBuildFile; fileRef = 2E5CF9041D0AC52D00762F3F /* AppDelegate.swift */; };
		2E5CF9071D0AC52D00762F3F /* ViewController.swift in Sources */ = {isa = PBXBuildFile; fileRef = 2E5CF9061D0AC52D00762F3F /* ViewController.swift */; };
		2E5CF90A1D0AC52D00762F3F /* Main.storyboard in Resources */ = {isa = PBXBuildFile; fileRef = 2E5CF9081D0AC52D00762F3F /* Main.storyboard */; };
		2E5CF90C1D0AC52D00762F3F /* Assets.xcassets in Resources */ = {isa = PBXBuildFile; fileRef = 2E5CF90B1D0AC52D00762F3F /* Assets.xcassets */; };
		2E5CF90F1D0AC52D00762F3F /* LaunchScreen.storyboard in Resources */ = {isa = PBXBuildFile; fileRef = 2E5CF90D1D0AC52D00762F3F /* LaunchScreen.storyboard */; };
		2E5CF91A1D0AC52D00762F3F /* AttendanceTests.swift in Sources */ = {isa = PBXBuildFile; fileRef = 2E5CF9191D0AC52D00762F3F /* AttendanceTests.swift */; };
		2E5CF9251D0AC52D00762F3F /* AttendanceUITests.swift in Sources */ = {isa = PBXBuildFile; fileRef = 2E5CF9241D0AC52D00762F3F /* AttendanceUITests.swift */; };
		2E5CF9331D0AD70D00762F3F /* SanctuaryViewController.swift in Sources */ = {isa = PBXBuildFile; fileRef = 2E5CF9321D0AD70D00762F3F /* SanctuaryViewController.swift */; };
		2E5CF9351D0B16F100762F3F /* doneViewController.swift in Sources */ = {isa = PBXBuildFile; fileRef = 2E5CF9341D0B16F100762F3F /* doneViewController.swift */; };
		2E70EAAF1D120D7D00493CD7 /* plusViewController.swift in Sources */ = {isa = PBXBuildFile; fileRef = 2E70EAAE1D120D7D00493CD7 /* plusViewController.swift */; };
/* End PBXBuildFile section */

/* Begin PBXContainerItemProxy section */
		2E5CF9161D0AC52D00762F3F /* PBXContainerItemProxy */ = {
			isa = PBXContainerItemProxy;
			containerPortal = 2E5CF8F91D0AC52D00762F3F /* Project object */;
			proxyType = 1;
			remoteGlobalIDString = 2E5CF9001D0AC52D00762F3F;
			remoteInfo = Attendance;
		};
		2E5CF9211D0AC52D00762F3F /* PBXContainerItemProxy */ = {
			isa = PBXContainerItemProxy;
			containerPortal = 2E5CF8F91D0AC52D00762F3F /* Project object */;
			proxyType = 1;
			remoteGlobalIDString = 2E5CF9001D0AC52D00762F3F;
			remoteInfo = Attendance;
		};
/* End PBXContainerItemProxy section */

/* Begin PBXFileReference section */
		2E5CF9011D0AC52D00762F3F /* Smithfield Attendance.app */ = {isa = PBXFileReference; explicitFileType = wrapper.application; includeInIndex = 0; path = "Smithfield Attendance.app"; sourceTree = BUILT_PRODUCTS_DIR; };
		2E5CF9041D0AC52D00762F3F /* AppDelegate.swift */ = {isa = PBXFileReference; lastKnownFileType = sourcecode.swift; path = AppDelegate.swift; sourceTree = "<group>"; };
		2E5CF9061D0AC52D00762F3F /* ViewController.swift */ = {isa = PBXFileReference; lastKnownFileType = sourcecode.swift; path = ViewController.swift; sourceTree = "<group>"; };
		2E5CF9091D0AC52D00762F3F /* Base */ = {isa = PBXFileReference; lastKnownFileType = file.storyboard; name = Base; path = Base.lproj/Main.storyboard; sourceTree = "<group>"; };
		2E5CF90B1D0AC52D00762F3F /* Assets.xcassets */ = {isa = PBXFileReference; lastKnownFileType = folder.assetcatalog; path = Assets.xcassets; sourceTree = "<group>"; };
		2E5CF90E1D0AC52D00762F3F /* Base */ = {isa = PBXFileReference; lastKnownFileType = file.storyboard; name = Base; path = Base.lproj/LaunchScreen.storyboard; sourceTree = "<group>"; };
		2E5CF9101D0AC52D00762F3F /* Info.plist */ = {isa = PBXFileReference; lastKnownFileType = text.plist.xml; path = Info.plist; sourceTree = "<group>"; };
		2E5CF9151D0AC52D00762F3F /* Smithfield Attendance.xctest */ = {isa = PBXFileReference; explicitFileType = wrapper.cfbundle; includeInIndex = 0; path = "Smithfield Attendance.xctest"; sourceTree = BUILT_PRODUCTS_DIR; };
		2E5CF9191D0AC52D00762F3F /* AttendanceTests.swift */ = {isa = PBXFileReference; lastKnownFileType = sourcecode.swift; path = AttendanceTests.swift; sourceTree = "<group>"; };
		2E5CF91B1D0AC52D00762F3F /* Info.plist */ = {isa = PBXFileReference; lastKnownFileType = text.plist.xml; path = Info.plist; sourceTree = "<group>"; };
		2E5CF9201D0AC52D00762F3F /* Smithfield Attendance.xctest */ = {isa = PBXFileReference; explicitFileType = wrapper.cfbundle; includeInIndex = 0; path = "Smithfield Attendance.xctest"; sourceTree = BUILT_PRODUCTS_DIR; };
		2E5CF9241D0AC52D00762F3F /* AttendanceUITests.swift */ = {isa = PBXFileReference; lastKnownFileType = sourcecode.swift; path = AttendanceUITests.swift; sourceTree = "<group>"; };
		2E5CF9261D0AC52D00762F3F /* Info.plist */ = {isa = PBXFileReference; lastKnownFileType = text.plist.xml; path = Info.plist; sourceTree = "<group>"; };
		2E5CF9321D0AD70D00762F3F /* SanctuaryViewController.swift */ = {isa = PBXFileReference; fileEncoding = 4; lastKnownFileType = sourcecode.swift; path = SanctuaryViewController.swift; sourceTree = "<group>"; };
		2E5CF9341D0B16F100762F3F /* doneViewController.swift */ = {isa = PBXFileReference; fileEncoding = 4; lastKnownFileType = sourcecode.swift; path = doneViewController.swift; sourceTree = "<group>"; };
		2E70EAAE1D120D7D00493CD7 /* plusViewController.swift */ = {isa = PBXFileReference; fileEncoding = 4; lastKnownFileType = sourcecode.swift; name = plusViewController.swift; path = Attendance/plusViewController.swift; sourceTree = "<group>"; };
/* End PBXFileReference section */

/* Begin PBXFrameworksBuildPhase section */
		2E5CF8FE1D0AC52D00762F3F /* Frameworks */ = {
			isa = PBXFrameworksBuildPhase;
			buildActionMask = 2147483647;
			files = (
			);
			runOnlyForDeploymentPostprocessing = 0;
		};
		2E5CF9121D0AC52D00762F3F /* Frameworks */ = {
			isa = PBXFrameworksBuildPhase;
			buildActionMask = 2147483647;
			files = (
			);
			runOnlyForDeploymentPostprocessing = 0;
		};
		2E5CF91D1D0AC52D00762F3F /* Frameworks */ = {
			isa = PBXFrameworksBuildPhase;
			buildActionMask = 2147483647;
			files = (
			);
			runOnlyForDeploymentPostprocessing = 0;
		};
/* End PBXFrameworksBuildPhase section */

/* Begin PBXGroup section */
		2E5CF8F81D0AC52D00762F3F = {
			isa = PBXGroup;
			children = (
				2E70EAAE1D120D7D00493CD7 /* plusViewController.swift */,
				2E5CF9031D0AC52D00762F3F /* Attendance */,
				2E5CF9181D0AC52D00762F3F /* AttendanceTests */,
				2E5CF9231D0AC52D00762F3F /* AttendanceUITests */,
				2E5CF9021D0AC52D00762F3F /* Products */,
			);
			sourceTree = "<group>";
		};
		2E5CF9021D0AC52D00762F3F /* Products */ = {
			isa = PBXGroup;
			children = (
				2E5CF9011D0AC52D00762F3F /* Smithfield Attendance.app */,
				2E5CF9151D0AC52D00762F3F /* Smithfield Attendance.xctest */,
				2E5CF9201D0AC52D00762F3F /* Smithfield Attendance.xctest */,
			);
			name = Products;
			sourceTree = "<group>";
		};
		2E5CF9031D0AC52D00762F3F /* Attendance */ = {
			isa = PBXGroup;
			children = (
				2E5CF9041D0AC52D00762F3F /* AppDelegate.swift */,
				2E5CF9061D0AC52D00762F3F /* ViewController.swift */,
				2E5CF9321D0AD70D00762F3F /* SanctuaryViewController.swift */,
				2E5CF9341D0B16F100762F3F /* doneViewController.swift */,
				2E5CF9081D0AC52D00762F3F /* Main.storyboard */,
				2E5CF90B1D0AC52D00762F3F /* Assets.xcassets */,
				2E5CF90D1D0AC52D00762F3F /* LaunchScreen.storyboard */,
				2E5CF9101D0AC52D00762F3F /* Info.plist */,
			);
			path = Attendance;
			sourceTree = "<group>";
		};
		2E5CF9181D0AC52D00762F3F /* AttendanceTests */ = {
			isa = PBXGroup;
			children = (
				2E5CF9191D0AC52D00762F3F /* AttendanceTests.swift */,
				2E5CF91B1D0AC52D00762F3F /* Info.plist */,
			);
			path = AttendanceTests;
			sourceTree = "<group>";
		};
		2E5CF9231D0AC52D00762F3F /* AttendanceUITests */ = {
			isa = PBXGroup;
			children = (
				2E5CF9241D0AC52D00762F3F /* AttendanceUITests.swift */,
				2E5CF9261D0AC52D00762F3F /* Info.plist */,
			);
			path = AttendanceUITests;
			sourceTree = "<group>";
		};
/* End PBXGroup section */

/* Begin PBXNativeTarget section */
		2E5CF9001D0AC52D00762F3F /* Smithfield Attendance */ = {
			isa = PBXNativeTarget;
			buildConfigurationList = 2E5CF9291D0AC52D00762F3F /* Build configuration list for PBXNativeTarget "Smithfield Attendance" */;
			buildPhases = (
				2E5CF8FD1D0AC52D00762F3F /* Sources */,
				2E5CF8FE1D0AC52D00762F3F /* Frameworks */,
				2E5CF8FF1D0AC52D00762F3F /* Resources */,
			);
			buildRules = (
			);
			dependencies = (
			);
			name = "Smithfield Attendance";
			productName = Attendance;
			productReference = 2E5CF9011D0AC52D00762F3F /* Smithfield Attendance.app */;
			productType = "com.apple.product-type.application";
		};
		2E5CF9141D0AC52D00762F3F /* Smithfield AttendanceTests */ = {
			isa = PBXNativeTarget;
			buildConfigurationList = 2E5CF92C1D0AC52D00762F3F /* Build configuration list for PBXNativeTarget "Smithfield AttendanceTests" */;
			buildPhases = (
				2E5CF9111D0AC52D00762F3F /* Sources */,
				2E5CF9121D0AC52D00762F3F /* Frameworks */,
				2E5CF9131D0AC52D00762F3F /* Resources */,
			);
			buildRules = (
			);
			dependencies = (
				2E5CF9171D0AC52D00762F3F /* PBXTargetDependency */,
			);
			name = "Smithfield AttendanceTests";
			productName = AttendanceTests;
			productReference = 2E5CF9151D0AC52D00762F3F /* Smithfield Attendance.xctest */;
			productType = "com.apple.product-type.bundle.unit-test";
		};
		2E5CF91F1D0AC52D00762F3F /* Smithfield AttendanceUITests */ = {
			isa = PBXNativeTarget;
			buildConfigurationList = 2E5CF92F1D0AC52D00762F3F /* Build configuration list for PBXNativeTarget "Smithfield AttendanceUITests" */;
			buildPhases = (
				2E5CF91C1D0AC52D00762F3F /* Sources */,
				2E5CF91D1D0AC52D00762F3F /* Frameworks */,
				2E5CF91E1D0AC52D00762F3F /* Resources */,
			);
			buildRules = (
			);
			dependencies = (
				2E5CF9221D0AC52D00762F3F /* PBXTargetDependency */,
			);
			name = "Smithfield AttendanceUITests";
			productName = AttendanceUITests;
			productReference = 2E5CF9201D0AC52D00762F3F /* Smithfield Attendance.xctest */;
			productType = "com.apple.product-type.bundle.ui-testing";
		};
/* End PBXNativeTarget section */

/* Begin PBXProject section */
		2E5CF8F91D0AC52D00762F3F /* Project object */ = {
			isa = PBXProject;
			attributes = {
				LastSwiftUpdateCheck = 0730;
				LastUpgradeCheck = 0820;
				ORGANIZATIONNAME = KlubCo;
				TargetAttributes = {
					2E5CF9001D0AC52D00762F3F = {
						CreatedOnToolsVersion = 7.3.1;
						DevelopmentTeam = WC4V23B6MJ;
						LastSwiftMigration = 0820;
						ProvisioningStyle = Manual;
					};
					2E5CF9141D0AC52D00762F3F = {
						CreatedOnToolsVersion = 7.3.1;
						LastSwiftMigration = 0820;
						TestTargetID = 2E5CF9001D0AC52D00762F3F;
					};
					2E5CF91F1D0AC52D00762F3F = {
						CreatedOnToolsVersion = 7.3.1;
						LastSwiftMigration = 0820;
						TestTargetID = 2E5CF9001D0AC52D00762F3F;
					};
				};
			};
			buildConfigurationList = 2E5CF8FC1D0AC52D00762F3F /* Build configuration list for PBXProject "Smithfield Attendance" */;
			compatibilityVersion = "Xcode 3.2";
			developmentRegion = English;
			hasScannedForEncodings = 0;
			knownRegions = (
				en,
				Base,
			);
			mainGroup = 2E5CF8F81D0AC52D00762F3F;
			productRefGroup = 2E5CF9021D0AC52D00762F3F /* Products */;
			projectDirPath = "";
			projectRoot = "";
			targets = (
				2E5CF9001D0AC52D00762F3F /* Smithfield Attendance */,
				2E5CF9141D0AC52D00762F3F /* Smithfield AttendanceTests */,
				2E5CF91F1D0AC52D00762F3F /* Smithfield AttendanceUITests */,
			);
		};
/* End PBXProject section */

/* Begin PBXResourcesBuildPhase section */
		2E5CF8FF1D0AC52D00762F3F /* Resources */ = {
			isa = PBXResourcesBuildPhase;
			buildActionMask = 2147483647;
			files = (
				2E5CF90F1D0AC52D00762F3F /* LaunchScreen.storyboard in Resources */,
				2E5CF90C1D0AC52D00762F3F /* Assets.xcassets in Resources */,
				2E5CF90A1D0AC52D00762F3F /* Main.storyboard in Resources */,
			);
			runOnlyForDeploymentPostprocessing = 0;
		};
		2E5CF9131D0AC52D00762F3F /* Resources */ = {
			isa = PBXResourcesBuildPhase;
			buildActionMask = 2147483647;
			files = (
			);
			runOnlyForDeploymentPostprocessing = 0;
		};
		2E5CF91E1D0AC52D00762F3F /* Resources */ = {
			isa = PBXResourcesBuildPhase;
			buildActionMask = 2147483647;
			files = (
			);
			runOnlyForDeploymentPostprocessing = 0;
		};
/* End PBXResourcesBuildPhase section */

/* Begin PBXSourcesBuildPhase section */
		2E5CF8FD1D0AC52D00762F3F /* Sources */ = {
			isa = PBXSourcesBuildPhase;
			buildActionMask = 2147483647;
			files = (
				2E5CF9351D0B16F100762F3F /* doneViewController.swift in Sources */,
				2E5CF9331D0AD70D00762F3F /* SanctuaryViewController.swift in Sources */,
				2E5CF9071D0AC52D00762F3F /* ViewController.swift in Sources */,
				2E5CF9051D0AC52D00762F3F /* AppDelegate.swift in Sources */,
				2E70EAAF1D120D7D00493CD7 /* plusViewController.swift in Sources */,
			);
			runOnlyForDeploymentPostprocessing = 0;
		};
		2E5CF9111D0AC52D00762F3F /* Sources */ = {
			isa = PBXSourcesBuildPhase;
			buildActionMask = 2147483647;
			files = (
				2E5CF91A1D0AC52D00762F3F /* AttendanceTests.swift in Sources */,
			);
			runOnlyForDeploymentPostprocessing = 0;
		};
		2E5CF91C1D0AC52D00762F3F /* Sources */ = {
			isa = PBXSourcesBuildPhase;
			buildActionMask = 2147483647;
			files = (
				2E5CF9251D0AC52D00762F3F /* AttendanceUITests.swift in Sources */,
			);
			runOnlyForDeploymentPostprocessing = 0;
		};
/* End PBXSourcesBuildPhase section */

/* Begin PBXTargetDependency section */
		2E5CF9171D0AC52D00762F3F /* PBXTargetDependency */ = {
			isa = PBXTargetDependency;
			target = 2E5CF9001D0AC52D00762F3F /* Smithfield Attendance */;
			targetProxy = 2E5CF9161D0AC52D00762F3F /* PBXContainerItemProxy */;
		};
		2E5CF9221D0AC52D00762F3F /* PBXTargetDependency */ = {
			isa = PBXTargetDependency;
			target = 2E5CF9001D0AC52D00762F3F /* Smithfield Attendance */;
			targetProxy = 2E5CF9211D0AC52D00762F3F /* PBXContainerItemProxy */;
		};
/* End PBXTargetDependency section */

/* Begin PBXVariantGroup section */
		2E5CF9081D0AC52D00762F3F /* Main.storyboard */ = {
			isa = PBXVariantGroup;
			children = (
				2E5CF9091D0AC52D00762F3F /* Base */,
			);
			name = Main.storyboard;
			sourceTree = "<group>";
		};
		2E5CF90D1D0AC52D00762F3F /* LaunchScreen.storyboard */ = {
			isa = PBXVariantGroup;
			children = (
				2E5CF90E1D0AC52D00762F3F /* Base */,
			);
			name = LaunchScreen.storyboard;
			sourceTree = "<group>";
		};
/* End PBXVariantGroup section */

/* Begin XCBuildConfiguration section */
		2E5CF9271D0AC52D00762F3F /* Debug */ = {
			isa = XCBuildConfiguration;
			buildSettings = {
				ALWAYS_SEARCH_USER_PATHS = NO;
				CLANG_ANALYZER_NONNULL = YES;
				CLANG_CXX_LANGUAGE_STANDARD = "gnu++0x";
				CLANG_CXX_LIBRARY = "libc++";
				CLANG_ENABLE_MODULES = YES;
				CLANG_ENABLE_OBJC_ARC = YES;
				CLANG_WARN_BOOL_CONVERSION = YES;
				CLANG_WARN_CONSTANT_CONVERSION = YES;
				CLANG_WARN_DIRECT_OBJC_ISA_USAGE = YES_ERROR;
				CLANG_WARN_EMPTY_BODY = YES;
				CLANG_WARN_ENUM_CONVERSION = YES;
				CLANG_WARN_INFINITE_RECURSION = YES;
				CLANG_WARN_INT_CONVERSION = YES;
				CLANG_WARN_OBJC_ROOT_CLASS = YES_ERROR;
				CLANG_WARN_SUSPICIOUS_MOVE = YES;
				CLANG_WARN_UNREACHABLE_CODE = YES;
				CLANG_WARN__DUPLICATE_METHOD_MATCH = YES;
				CODE_SIGN_IDENTITY = "iPhone Distribution: Caleb Lindsey (WC4V23B6MJ)";
				"CODE_SIGN_IDENTITY[sdk=iphoneos*]" = "iPhone Distribution: Caleb Lindsey (WC4V23B6MJ)";
				COPY_PHASE_STRIP = NO;
				DEBUG_INFORMATION_FORMAT = dwarf;
				ENABLE_STRICT_OBJC_MSGSEND = YES;
				ENABLE_TESTABILITY = YES;
				GCC_C_LANGUAGE_STANDARD = gnu99;
				GCC_DYNAMIC_NO_PIC = NO;
				GCC_NO_COMMON_BLOCKS = YES;
				GCC_OPTIMIZATION_LEVEL = 0;
				GCC_PREPROCESSOR_DEFINITIONS = (
					"DEBUG=1",
					"$(inherited)",
				);
				GCC_WARN_64_TO_32_BIT_CONVERSION = YES;
				GCC_WARN_ABOUT_RETURN_TYPE = YES_ERROR;
				GCC_WARN_UNDECLARED_SELECTOR = YES;
				GCC_WARN_UNINITIALIZED_AUTOS = YES_AGGRESSIVE;
				GCC_WARN_UNUSED_FUNCTION = YES;
				GCC_WARN_UNUSED_VARIABLE = YES;
				IPHONEOS_DEPLOYMENT_TARGET = 9.3;
				MTL_ENABLE_DEBUG_INFO = YES;
				ONLY_ACTIVE_ARCH = YES;
				SDKROOT = iphoneos;
				SWIFT_OPTIMIZATION_LEVEL = "-Onone";
			};
			name = Debug;
		};
		2E5CF9281D0AC52D00762F3F /* Release */ = {
			isa = XCBuildConfiguration;
			buildSettings = {
				ALWAYS_SEARCH_USER_PATHS = NO;
				CLANG_ANALYZER_NONNULL = YES;
				CLANG_CXX_LANGUAGE_STANDARD = "gnu++0x";
				CLANG_CXX_LIBRARY = "libc++";
				CLANG_ENABLE_MODULES = YES;
				CLANG_ENABLE_OBJC_ARC = YES;
				CLANG_WARN_BOOL_CONVERSION = YES;
				CLANG_WARN_CONSTANT_CONVERSION = YES;
				CLANG_WARN_DIRECT_OBJC_ISA_USAGE = YES_ERROR;
				CLANG_WARN_EMPTY_BODY = YES;
				CLANG_WARN_ENUM_CONVERSION = YES;
				CLANG_WARN_INFINITE_RECURSION = YES;
				CLANG_WARN_INT_CONVERSION = YES;
				CLANG_WARN_OBJC_ROOT_CLASS = YES_ERROR;
				CLANG_WARN_SUSPICIOUS_MOVE = YES;
				CLANG_WARN_UNREACHABLE_CODE = YES;
				CLANG_WARN__DUPLICATE_METHOD_MATCH = YES;
				CODE_SIGN_IDENTITY = "iPhone Distribution: Caleb Lindsey (WC4V23B6MJ)";
				"CODE_SIGN_IDENTITY[sdk=iphoneos*]" = "iPhone Distribution: Caleb Lindsey (WC4V23B6MJ)";
				COPY_PHASE_STRIP = NO;
				DEBUG_INFORMATION_FORMAT = "dwarf-with-dsym";
				ENABLE_NS_ASSERTIONS = NO;
				ENABLE_STRICT_OBJC_MSGSEND = YES;
				GCC_C_LANGUAGE_STANDARD = gnu99;
				GCC_NO_COMMON_BLOCKS = YES;
				GCC_WARN_64_TO_32_BIT_CONVERSION = YES;
				GCC_WARN_ABOUT_RETURN_TYPE = YES_ERROR;
				GCC_WARN_UNDECLARED_SELECTOR = YES;
				GCC_WARN_UNINITIALIZED_AUTOS = YES_AGGRESSIVE;
				GCC_WARN_UNUSED_FUNCTION = YES;
				GCC_WARN_UNUSED_VARIABLE = YES;
				IPHONEOS_DEPLOYMENT_TARGET = 9.3;
				MTL_ENABLE_DEBUG_INFO = NO;
				SDKROOT = iphoneos;
				SWIFT_OPTIMIZATION_LEVEL = "-Owholemodule";
				VALIDATE_PRODUCT = YES;
			};
			name = Release;
		};
		2E5CF92A1D0AC52D00762F3F /* Debug */ = {
			isa = XCBuildConfiguration;
			buildSettings = {
				ASSETCATALOG_COMPILER_APPICON_NAME = AppIcon;
				CODE_SIGN_IDENTITY = "iPhone Distribution";
				"CODE_SIGN_IDENTITY[sdk=iphoneos*]" = "iPhone Distribution";
				DEVELOPMENT_TEAM = WC4V23B6MJ;
				INFOPLIST_FILE = Attendance/Info.plist;
				LD_RUNPATH_SEARCH_PATHS = "$(inherited) @executable_path/Frameworks";
				PRODUCT_BUNDLE_IDENTIFIER = "com.KlubCo.Smithfield-Attendance";
				PRODUCT_NAME = "Smithfield Attendance";
				PROVISIONING_PROFILE = "6bf5e846-619e-4ecd-b78c-4b3e2e96055f";
				PROVISIONING_PROFILE_SPECIFIER = Klubco;
				SWIFT_VERSION = 3.0;
			};
			name = Debug;
		};
		2E5CF92B1D0AC52D00762F3F /* Release */ = {
			isa = XCBuildConfiguration;
			buildSettings = {
				ASSETCATALOG_COMPILER_APPICON_NAME = AppIcon;
				CODE_SIGN_IDENTITY = "iPhone Distribution";
				"CODE_SIGN_IDENTITY[sdk=iphoneos*]" = "iPhone Distribution";
				DEVELOPMENT_TEAM = WC4V23B6MJ;
				INFOPLIST_FILE = Attendance/Info.plist;
				LD_RUNPATH_SEARCH_PATHS = "$(inherited) @executable_path/Frameworks";
				PRODUCT_BUNDLE_IDENTIFIER = "com.KlubCo.Smithfield-Attendance";
				PRODUCT_NAME = "Smithfield Attendance";
				PROVISIONING_PROFILE = "6bf5e846-619e-4ecd-b78c-4b3e2e96055f";
				PROVISIONING_PROFILE_SPECIFIER = Klubco;
				SWIFT_VERSION = 3.0;
			};
			name = Release;
		};
		2E5CF92D1D0AC52D00762F3F /* Debug */ = {
			isa = XCBuildConfiguration;
			buildSettings = {
				BUNDLE_LOADER = "$(TEST_HOST)";
				INFOPLIST_FILE = AttendanceTests/Info.plist;
				LD_RUNPATH_SEARCH_PATHS = "$(inherited) @executable_path/Frameworks @loader_path/Frameworks";
				PRODUCT_BUNDLE_IDENTIFIER = com.KlubCo.AttendanceTests;
				PRODUCT_NAME = "Smithfield Attendance";
				SWIFT_VERSION = 3.0;
				TEST_HOST = "$(BUILT_PRODUCTS_DIR)/Smithfield Attendance.app/Smithfield Attendance";
			};
			name = Debug;
		};
		2E5CF92E1D0AC52D00762F3F /* Release */ = {
			isa = XCBuildConfiguration;
			buildSettings = {
				BUNDLE_LOADER = "$(TEST_HOST)";
				INFOPLIST_FILE = AttendanceTests/Info.plist;
				LD_RUNPATH_SEARCH_PATHS = "$(inherited) @executable_path/Frameworks @loader_path/Frameworks";
				PRODUCT_BUNDLE_IDENTIFIER = com.KlubCo.AttendanceTests;
				PRODUCT_NAME = "Smithfield Attendance";
				SWIFT_VERSION = 3.0;
				TEST_HOST = "$(BUILT_PRODUCTS_DIR)/Smithfield Attendance.app/Smithfield Attendance";
			};
			name = Release;
		};
		2E5CF9301D0AC52D00762F3F /* Debug */ = {
			isa = XCBuildConfiguration;
			buildSettings = {
				INFOPLIST_FILE = AttendanceUITests/Info.plist;
				LD_RUNPATH_SEARCH_PATHS = "$(inherited) @executable_path/Frameworks @loader_path/Frameworks";
				PRODUCT_BUNDLE_IDENTIFIER = com.KlubCo.AttendanceUITests;
				PRODUCT_NAME = "Smithfield Attendance";
				SWIFT_VERSION = 3.0;
				TEST_TARGET_NAME = Attendance;
			};
			name = Debug;
		};
		2E5CF9311D0AC52D00762F3F /* Release */ = {
			isa = XCBuildConfiguration;
			buildSettings = {
				INFOPLIST_FILE = AttendanceUITests/Info.plist;
				LD_RUNPATH_SEARCH_PATHS = "$(inherited) @executable_path/Frameworks @loader_path/Frameworks";
				PRODUCT_BUNDLE_IDENTIFIER = com.KlubCo.AttendanceUITests;
				PRODUCT_NAME = "Smithfield Attendance";
				SWIFT_VERSION = 3.0;
				TEST_TARGET_NAME = Attendance;
			};
			name = Release;
		};
/* End XCBuildConfiguration section */

/* Begin XCConfigurationList section */
		2E5CF8FC1D0AC52D00762F3F /* Build configuration list for PBXProject "Smithfield Attendance" */ = {
			isa = XCConfigurationList;
			buildConfigurations = (
				2E5CF9271D0AC52D00762F3F /* Debug */,
				2E5CF9281D0AC52D00762F3F /* Release */,
			);
			defaultConfigurationIsVisible = 0;
			defaultConfigurationName = Release;
		};
		2E5CF9291D0AC52D00762F3F /* Build configuration list for PBXNativeTarget "Smithfield Attendance" */ = {
			isa = XCConfigurationList;
			buildConfigurations = (
				2E5CF92A1D0AC52D00762F3F /* Debug */,
				2E5CF92B1D0AC52D00762F3F /* Release */,
			);
			defaultConfigurationIsVisible = 0;
			defaultConfigurationName = Release;
		};
		2E5CF92C1D0AC52D00762F3F /* Build configuration list for PBXNativeTarget "Smithfield AttendanceTests" */ = {
			isa = XCConfigurationList;
			buildConfigurations = (
				2E5CF92D1D0AC52D00762F3F /* Debug */,
				2E5CF92E1D0AC52D00762F3F /* Release */,
			);
			defaultConfigurationIsVisible = 0;
			defaultConfigurationName = Release;
		};
		2E5CF92F1D0AC52D00762F3F /* Build configuration list for PBXNativeTarget "Smithfield AttendanceUITests" */ = {
			isa = XCConfigurationList;
			buildConfigurations = (
				2E5CF9301D0AC52D00762F3F /* Debug */,
				2E5CF9311D0AC52D00762F3F /* Release */,
			);
			defaultConfigurationIsVisible = 0;
			defaultConfigurationName = Release;
		};
/* End XCConfigurationList section */
	};
	rootObject = 2E5CF8F91D0AC52D00762F3F /* Project object */;
}
